{
  "version": 4,
  "terraform_version": "1.4.2",
  "serial": 5,
  "lineage": "3bcc5370-5f39-caa9-3d6d-ca2df951f8a0",
  "outputs": {},
  "resources": [
    {
      "mode": "managed",
      "type": "hcp_hvn",
      "name": "hcpv-hvn",
      "provider": "provider[\"registry.terraform.io/hashicorp/hcp\"]",
      "instances": [
        {
          "schema_version": 0,
          "attributes": {
            "cidr_block": "172.25.16.0/20",
            "cloud_provider": "aws",
            "created_at": "2023-05-22T08:31:15.000Z",
            "hvn_id": "hvn",
            "id": "/project/eff70472-d252-4d87-b64f-2a829c2ae5df/hashicorp.network.hvn/hvn",
            "organization_id": "028386f5-bc84-47b0-9880-e3e62196752f",
            "project_id": "eff70472-d252-4d87-b64f-2a829c2ae5df",
            "provider_account_id": "819050271473",
            "region": "ap-southeast-2",
            "self_link": "/project/eff70472-d252-4d87-b64f-2a829c2ae5df/hashicorp.network.hvn/hvn",
            "state": "STABLE",
            "timeouts": null
          },
          "sensitive_attributes": [],
          "private": "eyJlMmJmYjczMC1lY2FhLTExZTYtOGY4OC0zNDM2M2JjN2M0YzAiOnsiY3JlYXRlIjo2MDAwMDAwMDAwMDAsImRlZmF1bHQiOjYwMDAwMDAwMDAwLCJkZWxldGUiOjYwMDAwMDAwMDAwMCwicmVhZCI6NjAwMDAwMDAwMDAsInVwZGF0ZSI6NjAwMDAwMDAwMDB9fQ=="
        }
      ]
    },
    {
      "mode": "managed",
      "type": "hcp_vault_cluster",
      "name": "hcpv-plus-controlGroupDemo",
      "provider": "provider[\"registry.terraform.io/hashicorp/hcp\"]",
      "instances": [
        {
          "schema_version": 0,
          "attributes": {
            "audit_log_config": [],
            "cloud_provider": "aws",
            "cluster_id": "hcpv-plus-controlGroupDemo",
            "created_at": "2023-05-22T08:32:30.266Z",
            "hvn_id": "hvn",
            "id": "/project/eff70472-d252-4d87-b64f-2a829c2ae5df/hashicorp.vault.cluster/hcpv-plus-controlGroupDemo",
            "major_version_upgrade_config": [
              {
                "maintenance_window_day": "",
                "maintenance_window_time": "",
                "upgrade_type": "AUTOMATIC"
              }
            ],
            "metrics_config": [],
            "min_vault_version": null,
            "namespace": "admin",
            "organization_id": "028386f5-bc84-47b0-9880-e3e62196752f",
            "paths_filter": null,
            "primary_link": null,
            "project_id": "eff70472-d252-4d87-b64f-2a829c2ae5df",
            "public_endpoint": false,
            "region": "ap-southeast-2",
            "self_link": "/project/eff70472-d252-4d87-b64f-2a829c2ae5df/hashicorp.vault.cluster/hcpv-plus-controlGroupDemo",
            "state": "RUNNING",
            "tier": "PLUS_SMALL",
            "timeouts": null,
            "vault_private_endpoint_url": "https://hcpv-plus-controlGroupDemo-private-vault-b52c9d20.d0fdd35b.z1.hashicorp.cloud:8200",
            "vault_public_endpoint_url": null,
            "vault_version": "v1.12.3"
          },
          "sensitive_attributes": [],
          "private": "eyJlMmJmYjczMC1lY2FhLTExZTYtOGY4OC0zNDM2M2JjN2M0YzAiOnsiY3JlYXRlIjo0NTAwMDAwMDAwMDAwLCJkZWZhdWx0IjozMDAwMDAwMDAwMDAsImRlbGV0ZSI6NDUwMDAwMDAwMDAwMCwicmVhZCI6MzAwMDAwMDAwMDAwLCJ1cGRhdGUiOjQ1MDAwMDAwMDAwMDB9fQ==",
          "dependencies": [
            "hcp_hvn.hcpv-hvn"
          ]
        }
      ]
    },
    {
      "mode": "managed",
      "type": "hcp_vault_cluster_admin_token",
      "name": "hcpv-plus-token",
      "provider": "provider[\"registry.terraform.io/hashicorp/hcp\"]",
      "instances": [
        {
          "schema_version": 0,
          "attributes": {
            "cluster_id": "hcpv-plus-controlGroupDemo",
            "created_at": "2023-05-22T18:38:27+10:00",
            "id": "/project/eff70472-d252-4d87-b64f-2a829c2ae5df/hashicorp.vault.cluster/hcpv-plus-controlGroupDemo/token",
            "timeouts": null,
            "token": "hvs.CAESIM3QE0LM-ZK5_Ns65XvdL_3QFohnopX7hEACUdF8dKlPGiYKImh2cy43WjJMUDU5eDVuZEQzbkg4QWFWeXBSTVoucExFSkgQfw"
          },
          "sensitive_attributes": [],
          "private": "eyJlMmJmYjczMC1lY2FhLTExZTYtOGY4OC0zNDM2M2JjN2M0YzAiOnsiY3JlYXRlIjozMDAwMDAwMDAwMDAsImRlbGV0ZSI6MzAwMDAwMDAwMDAwLCJyZWFkIjozMDAwMDAwMDAwMDB9fQ==",
          "dependencies": [
            "hcp_hvn.hcpv-hvn",
            "hcp_vault_cluster.hcpv-plus-controlGroupDemo"
          ]
        }
      ]
    },
    {
      "mode": "managed",
      "type": "tfe_workspace",
      "name": "hcpv-plus-controlGroupDemo",
      "provider": "provider[\"registry.terraform.io/hashicorp/tfe\"]",
      "instances": []
    }
  ],
  "check_results": null
}
